// !$*UTF8*$!
{
	archiveVersion = 1;
	classes = {
	};
	objectVersion = 55;
	objects = {

/* Begin PBXBuildFile section */
		0402FBA02794A90A0061605B /* Router.swift in Sources */ = {isa = PBXBuildFile; fileRef = 0402FB9F2794A90A0061605B /* Router.swift */; };
		0402FBA22794A9170061605B /* ModuleConfigurator.swift in Sources */ = {isa = PBXBuildFile; fileRef = 0402FBA12794A9170061605B /* ModuleConfigurator.swift */; };
		0402FBA52794A9690061605B /* UsersListViewController.swift in Sources */ = {isa = PBXBuildFile; fileRef = 0402FBA32794A9690061605B /* UsersListViewController.swift */; };
		0402FBA62794A9690061605B /* UsersListViewController.xib in Resources */ = {isa = PBXBuildFile; fileRef = 0402FBA42794A9690061605B /* UsersListViewController.xib */; };
		0402FBAA2794B0B40061605B /* User.swift in Sources */ = {isa = PBXBuildFile; fileRef = 0402FBA92794B0B40061605B /* User.swift */; };
		0402FBAC2794B1040061605B /* Album.swift in Sources */ = {isa = PBXBuildFile; fileRef = 0402FBAB2794B1040061605B /* Album.swift */; };
		0402FBAE2794B12D0061605B /* Photo.swift in Sources */ = {isa = PBXBuildFile; fileRef = 0402FBAD2794B12D0061605B /* Photo.swift */; };
		0402FBB12794B1B90061605B /* Constants.swift in Sources */ = {isa = PBXBuildFile; fileRef = 0402FBB02794B1B90061605B /* Constants.swift */; };
		0402FBB32794B6EC0061605B /* NetworkService.swift in Sources */ = {isa = PBXBuildFile; fileRef = 0402FBB22794B6EC0061605B /* NetworkService.swift */; };
		0402FBB52794BA5F0061605B /* UsersListPresenter.swift in Sources */ = {isa = PBXBuildFile; fileRef = 0402FBB42794BA5F0061605B /* UsersListPresenter.swift */; };
		0402FBB72794BA770061605B /* ULViewProtocol.swift in Sources */ = {isa = PBXBuildFile; fileRef = 0402FBB62794BA770061605B /* ULViewProtocol.swift */; };
		0402FBB92794BAC40061605B /* ULViewPresenterProtocol.swift in Sources */ = {isa = PBXBuildFile; fileRef = 0402FBB82794BAC40061605B /* ULViewPresenterProtocol.swift */; };
		0402FBBB2794C20C0061605B /* ULTableViewAdapter.swift in Sources */ = {isa = PBXBuildFile; fileRef = 0402FBBA2794C20C0061605B /* ULTableViewAdapter.swift */; };
		0402FBBE2794C3370061605B /* UserTableViewCell.swift in Sources */ = {isa = PBXBuildFile; fileRef = 0402FBBC2794C3370061605B /* UserTableViewCell.swift */; };
		0402FBBF2794C3370061605B /* UserTableViewCell.xib in Resources */ = {isa = PBXBuildFile; fileRef = 0402FBBD2794C3370061605B /* UserTableViewCell.xib */; };
		0402FBC12794CFDC0061605B /* UIAlertController+Error.swift in Sources */ = {isa = PBXBuildFile; fileRef = 0402FBC02794CFDC0061605B /* UIAlertController+Error.swift */; };
		04F5D2402794A717009B1C92 /* AppDelegate.swift in Sources */ = {isa = PBXBuildFile; fileRef = 04F5D23F2794A717009B1C92 /* AppDelegate.swift */; };
		04F5D2422794A717009B1C92 /* SceneDelegate.swift in Sources */ = {isa = PBXBuildFile; fileRef = 04F5D2412794A717009B1C92 /* SceneDelegate.swift */; };
		04F5D2472794A717009B1C92 /* Main.storyboard in Resources */ = {isa = PBXBuildFile; fileRef = 04F5D2452794A717009B1C92 /* Main.storyboard */; };
		04F5D2492794A719009B1C92 /* Assets.xcassets in Resources */ = {isa = PBXBuildFile; fileRef = 04F5D2482794A719009B1C92 /* Assets.xcassets */; };
		04F5D24C2794A719009B1C92 /* LaunchScreen.storyboard in Resources */ = {isa = PBXBuildFile; fileRef = 04F5D24A2794A719009B1C92 /* LaunchScreen.storyboard */; };
		04F5D2572794A719009B1C92 /* GoraTestTaskTests.swift in Sources */ = {isa = PBXBuildFile; fileRef = 04F5D2562794A719009B1C92 /* GoraTestTaskTests.swift */; };
		04F5D2612794A719009B1C92 /* GoraTestTaskUITests.swift in Sources */ = {isa = PBXBuildFile; fileRef = 04F5D2602794A719009B1C92 /* GoraTestTaskUITests.swift */; };
		04F5D2632794A719009B1C92 /* GoraTestTaskUITestsLaunchTests.swift in Sources */ = {isa = PBXBuildFile; fileRef = 04F5D2622794A719009B1C92 /* GoraTestTaskUITestsLaunchTests.swift */; };
/* End PBXBuildFile section */

/* Begin PBXContainerItemProxy section */
		04F5D2532794A719009B1C92 /* PBXContainerItemProxy */ = {
			isa = PBXContainerItemProxy;
			containerPortal = 04F5D2342794A717009B1C92 /* Project object */;
			proxyType = 1;
			remoteGlobalIDString = 04F5D23B2794A717009B1C92;
			remoteInfo = GoraTestTask;
		};
		04F5D25D2794A719009B1C92 /* PBXContainerItemProxy */ = {
			isa = PBXContainerItemProxy;
			containerPortal = 04F5D2342794A717009B1C92 /* Project object */;
			proxyType = 1;
			remoteGlobalIDString = 04F5D23B2794A717009B1C92;
			remoteInfo = GoraTestTask;
		};
/* End PBXContainerItemProxy section */

/* Begin PBXFileReference section */
		0402FB9F2794A90A0061605B /* Router.swift */ = {isa = PBXFileReference; lastKnownFileType = sourcecode.swift; path = Router.swift; sourceTree = "<group>"; };
		0402FBA12794A9170061605B /* ModuleConfigurator.swift */ = {isa = PBXFileReference; lastKnownFileType = sourcecode.swift; path = ModuleConfigurator.swift; sourceTree = "<group>"; };
		0402FBA32794A9690061605B /* UsersListViewController.swift */ = {isa = PBXFileReference; lastKnownFileType = sourcecode.swift; path = UsersListViewController.swift; sourceTree = "<group>"; };
		0402FBA42794A9690061605B /* UsersListViewController.xib */ = {isa = PBXFileReference; lastKnownFileType = file.xib; path = UsersListViewController.xib; sourceTree = "<group>"; };
		0402FBA92794B0B40061605B /* User.swift */ = {isa = PBXFileReference; lastKnownFileType = sourcecode.swift; path = User.swift; sourceTree = "<group>"; };
		0402FBAB2794B1040061605B /* Album.swift */ = {isa = PBXFileReference; lastKnownFileType = sourcecode.swift; path = Album.swift; sourceTree = "<group>"; };
		0402FBAD2794B12D0061605B /* Photo.swift */ = {isa = PBXFileReference; lastKnownFileType = sourcecode.swift; path = Photo.swift; sourceTree = "<group>"; };
		0402FBB02794B1B90061605B /* Constants.swift */ = {isa = PBXFileReference; lastKnownFileType = sourcecode.swift; path = Constants.swift; sourceTree = "<group>"; };
		0402FBB22794B6EC0061605B /* NetworkService.swift */ = {isa = PBXFileReference; lastKnownFileType = sourcecode.swift; path = NetworkService.swift; sourceTree = "<group>"; };
		0402FBB42794BA5F0061605B /* UsersListPresenter.swift */ = {isa = PBXFileReference; lastKnownFileType = sourcecode.swift; path = UsersListPresenter.swift; sourceTree = "<group>"; };
		0402FBB62794BA770061605B /* ULViewProtocol.swift */ = {isa = PBXFileReference; lastKnownFileType = sourcecode.swift; path = ULViewProtocol.swift; sourceTree = "<group>"; };
		0402FBB82794BAC40061605B /* ULViewPresenterProtocol.swift */ = {isa = PBXFileReference; lastKnownFileType = sourcecode.swift; path = ULViewPresenterProtocol.swift; sourceTree = "<group>"; };
		0402FBBA2794C20C0061605B /* ULTableViewAdapter.swift */ = {isa = PBXFileReference; lastKnownFileType = sourcecode.swift; path = ULTableViewAdapter.swift; sourceTree = "<group>"; };
		0402FBBC2794C3370061605B /* UserTableViewCell.swift */ = {isa = PBXFileReference; lastKnownFileType = sourcecode.swift; path = UserTableViewCell.swift; sourceTree = "<group>"; };
		0402FBBD2794C3370061605B /* UserTableViewCell.xib */ = {isa = PBXFileReference; lastKnownFileType = file.xib; path = UserTableViewCell.xib; sourceTree = "<group>"; };
		0402FBC02794CFDC0061605B /* UIAlertController+Error.swift */ = {isa = PBXFileReference; lastKnownFileType = sourcecode.swift; path = "UIAlertController+Error.swift"; sourceTree = "<group>"; };
		04F5D23C2794A717009B1C92 /* GoraTestTask.app */ = {isa = PBXFileReference; explicitFileType = wrapper.application; includeInIndex = 0; path = GoraTestTask.app; sourceTree = BUILT_PRODUCTS_DIR; };
		04F5D23F2794A717009B1C92 /* AppDelegate.swift */ = {isa = PBXFileReference; lastKnownFileType = sourcecode.swift; path = AppDelegate.swift; sourceTree = "<group>"; };
		04F5D2412794A717009B1C92 /* SceneDelegate.swift */ = {isa = PBXFileReference; lastKnownFileType = sourcecode.swift; path = SceneDelegate.swift; sourceTree = "<group>"; };
		04F5D2462794A717009B1C92 /* Base */ = {isa = PBXFileReference; lastKnownFileType = file.storyboard; name = Base; path = Base.lproj/Main.storyboard; sourceTree = "<group>"; };
		04F5D2482794A719009B1C92 /* Assets.xcassets */ = {isa = PBXFileReference; lastKnownFileType = folder.assetcatalog; path = Assets.xcassets; sourceTree = "<group>"; };
		04F5D24B2794A719009B1C92 /* Base */ = {isa = PBXFileReference; lastKnownFileType = file.storyboard; name = Base; path = Base.lproj/LaunchScreen.storyboard; sourceTree = "<group>"; };
		04F5D24D2794A719009B1C92 /* Info.plist */ = {isa = PBXFileReference; lastKnownFileType = text.plist.xml; path = Info.plist; sourceTree = "<group>"; };
		04F5D2522794A719009B1C92 /* GoraTestTaskTests.xctest */ = {isa = PBXFileReference; explicitFileType = wrapper.cfbundle; includeInIndex = 0; path = GoraTestTaskTests.xctest; sourceTree = BUILT_PRODUCTS_DIR; };
		04F5D2562794A719009B1C92 /* GoraTestTaskTests.swift */ = {isa = PBXFileReference; lastKnownFileType = sourcecode.swift; path = GoraTestTaskTests.swift; sourceTree = "<group>"; };
		04F5D25C2794A719009B1C92 /* GoraTestTaskUITests.xctest */ = {isa = PBXFileReference; explicitFileType = wrapper.cfbundle; includeInIndex = 0; path = GoraTestTaskUITests.xctest; sourceTree = BUILT_PRODUCTS_DIR; };
		04F5D2602794A719009B1C92 /* GoraTestTaskUITests.swift */ = {isa = PBXFileReference; lastKnownFileType = sourcecode.swift; path = GoraTestTaskUITests.swift; sourceTree = "<group>"; };
		04F5D2622794A719009B1C92 /* GoraTestTaskUITestsLaunchTests.swift */ = {isa = PBXFileReference; lastKnownFileType = sourcecode.swift; path = GoraTestTaskUITestsLaunchTests.swift; sourceTree = "<group>"; };
/* End PBXFileReference section */

/* Begin PBXFrameworksBuildPhase section */
		04F5D2392794A717009B1C92 /* Frameworks */ = {
			isa = PBXFrameworksBuildPhase;
			buildActionMask = 2147483647;
			files = (
			);
			runOnlyForDeploymentPostprocessing = 0;
		};
		04F5D24F2794A719009B1C92 /* Frameworks */ = {
			isa = PBXFrameworksBuildPhase;
			buildActionMask = 2147483647;
			files = (
			);
			runOnlyForDeploymentPostprocessing = 0;
		};
		04F5D2592794A719009B1C92 /* Frameworks */ = {
			isa = PBXFrameworksBuildPhase;
			buildActionMask = 2147483647;
			files = (
			);
			runOnlyForDeploymentPostprocessing = 0;
		};
/* End PBXFrameworksBuildPhase section */

/* Begin PBXGroup section */
		0402FB932794A7740061605B /* Modules */ = {
			isa = PBXGroup;
			children = (
				0402FB9F2794A90A0061605B /* Router.swift */,
				0402FBA12794A9170061605B /* ModuleConfigurator.swift */,
				0402FB9A2794A8B60061605B /* Photos */,
				0402FB992794A8870061605B /* UsersList */,
			);
			path = Modules;
			sourceTree = "<group>";
		};
		0402FB942794A7910061605B /* Model */ = {
			isa = PBXGroup;
			children = (
				0402FBA92794B0B40061605B /* User.swift */,
				0402FBAB2794B1040061605B /* Album.swift */,
				0402FBAD2794B12D0061605B /* Photo.swift */,
			);
			path = Model;
			sourceTree = "<group>";
		};
		0402FB952794A7FF0061605B /* Services */ = {
			isa = PBXGroup;
			children = (
				0402FBB22794B6EC0061605B /* NetworkService.swift */,
			);
			path = Services;
			sourceTree = "<group>";
		};
		0402FB962794A84C0061605B /* Library */ = {
			isa = PBXGroup;
			children = (
				0402FBAF2794B1A10061605B /* Constants */,
				0402FBA82794B0840061605B /* Extentions */,
				0402FBA72794B07E0061605B /* CustomViews */,
				04F5D2482794A719009B1C92 /* Assets.xcassets */,
			);
			path = Library;
			sourceTree = "<group>";
		};
		0402FB982794A8590061605B /* Application */ = {
			isa = PBXGroup;
			children = (
				04F5D23F2794A717009B1C92 /* AppDelegate.swift */,
				04F5D2412794A717009B1C92 /* SceneDelegate.swift */,
				04F5D2452794A717009B1C92 /* Main.storyboard */,
				04F5D24A2794A719009B1C92 /* LaunchScreen.storyboard */,
			);
			path = Application;
			sourceTree = "<group>";
		};
		0402FB992794A8870061605B /* UsersList */ = {
			isa = PBXGroup;
			children = (
				0402FB9C2794A8EB0061605B /* View */,
				0402FB9B2794A8E20061605B /* Presenter */,
			);
			path = UsersList;
			sourceTree = "<group>";
		};
		0402FB9A2794A8B60061605B /* Photos */ = {
			isa = PBXGroup;
			children = (
				0402FB9E2794A8FB0061605B /* View */,
				0402FB9D2794A8FB0061605B /* Presenter */,
			);
			path = Photos;
			sourceTree = "<group>";
		};
		0402FB9B2794A8E20061605B /* Presenter */ = {
			isa = PBXGroup;
			children = (
				0402FBB42794BA5F0061605B /* UsersListPresenter.swift */,
				0402FBB62794BA770061605B /* ULViewProtocol.swift */,
				0402FBB82794BAC40061605B /* ULViewPresenterProtocol.swift */,
			);
			path = Presenter;
			sourceTree = "<group>";
		};
		0402FB9C2794A8EB0061605B /* View */ = {
			isa = PBXGroup;
			children = (
				0402FBA32794A9690061605B /* UsersListViewController.swift */,
				0402FBA42794A9690061605B /* UsersListViewController.xib */,
				0402FBBA2794C20C0061605B /* ULTableViewAdapter.swift */,
			);
			path = View;
			sourceTree = "<group>";
		};
		0402FB9D2794A8FB0061605B /* Presenter */ = {
			isa = PBXGroup;
			children = (
			);
			path = Presenter;
			sourceTree = "<group>";
		};
		0402FB9E2794A8FB0061605B /* View */ = {
			isa = PBXGroup;
			children = (
			);
			path = View;
			sourceTree = "<group>";
		};
		0402FBA72794B07E0061605B /* CustomViews */ = {
			isa = PBXGroup;
			children = (
				0402FBBC2794C3370061605B /* UserTableViewCell.swift */,
				0402FBBD2794C3370061605B /* UserTableViewCell.xib */,
			);
			path = CustomViews;
			sourceTree = "<group>";
		};
		0402FBA82794B0840061605B /* Extentions */ = {
			isa = PBXGroup;
			children = (
				0402FBC02794CFDC0061605B /* UIAlertController+Error.swift */,
			);
			path = Extentions;
			sourceTree = "<group>";
		};
		0402FBAF2794B1A10061605B /* Constants */ = {
			isa = PBXGroup;
			children = (
				0402FBB02794B1B90061605B /* Constants.swift */,
			);
			path = Constants;
			sourceTree = "<group>";
		};
		04F5D2332794A717009B1C92 = {
			isa = PBXGroup;
			children = (
				04F5D23E2794A717009B1C92 /* GoraTestTask */,
				04F5D2552794A719009B1C92 /* GoraTestTaskTests */,
				04F5D25F2794A719009B1C92 /* GoraTestTaskUITests */,
				04F5D23D2794A717009B1C92 /* Products */,
			);
			sourceTree = "<group>";
		};
		04F5D23D2794A717009B1C92 /* Products */ = {
			isa = PBXGroup;
			children = (
				04F5D23C2794A717009B1C92 /* GoraTestTask.app */,
				04F5D2522794A719009B1C92 /* GoraTestTaskTests.xctest */,
				04F5D25C2794A719009B1C92 /* GoraTestTaskUITests.xctest */,
			);
			name = Products;
			sourceTree = "<group>";
		};
		04F5D23E2794A717009B1C92 /* GoraTestTask */ = {
			isa = PBXGroup;
			children = (
				0402FB932794A7740061605B /* Modules */,
				0402FB942794A7910061605B /* Model */,
				0402FB982794A8590061605B /* Application */,
				0402FB962794A84C0061605B /* Library */,
				0402FB952794A7FF0061605B /* Services */,
				04F5D24D2794A719009B1C92 /* Info.plist */,
			);
			path = GoraTestTask;
			sourceTree = "<group>";
		};
		04F5D2552794A719009B1C92 /* GoraTestTaskTests */ = {
			isa = PBXGroup;
			children = (
				04F5D2562794A719009B1C92 /* GoraTestTaskTests.swift */,
			);
			path = GoraTestTaskTests;
			sourceTree = "<group>";
		};
		04F5D25F2794A719009B1C92 /* GoraTestTaskUITests */ = {
			isa = PBXGroup;
			children = (
				04F5D2602794A719009B1C92 /* GoraTestTaskUITests.swift */,
				04F5D2622794A719009B1C92 /* GoraTestTaskUITestsLaunchTests.swift */,
			);
			path = GoraTestTaskUITests;
			sourceTree = "<group>";
		};
/* End PBXGroup section */

/* Begin PBXNativeTarget section */
		04F5D23B2794A717009B1C92 /* GoraTestTask */ = {
			isa = PBXNativeTarget;
			buildConfigurationList = 04F5D2662794A719009B1C92 /* Build configuration list for PBXNativeTarget "GoraTestTask" */;
			buildPhases = (
				04F5D2382794A717009B1C92 /* Sources */,
				04F5D2392794A717009B1C92 /* Frameworks */,
				04F5D23A2794A717009B1C92 /* Resources */,
			);
			buildRules = (
			);
			dependencies = (
			);
			name = GoraTestTask;
			productName = GoraTestTask;
			productReference = 04F5D23C2794A717009B1C92 /* GoraTestTask.app */;
			productType = "com.apple.product-type.application";
		};
		04F5D2512794A719009B1C92 /* GoraTestTaskTests */ = {
			isa = PBXNativeTarget;
			buildConfigurationList = 04F5D2692794A719009B1C92 /* Build configuration list for PBXNativeTarget "GoraTestTaskTests" */;
			buildPhases = (
				04F5D24E2794A719009B1C92 /* Sources */,
				04F5D24F2794A719009B1C92 /* Frameworks */,
				04F5D2502794A719009B1C92 /* Resources */,
			);
			buildRules = (
			);
			dependencies = (
				04F5D2542794A719009B1C92 /* PBXTargetDependency */,
			);
			name = GoraTestTaskTests;
			productName = GoraTestTaskTests;
			productReference = 04F5D2522794A719009B1C92 /* GoraTestTaskTests.xctest */;
			productType = "com.apple.product-type.bundle.unit-test";
		};
		04F5D25B2794A719009B1C92 /* GoraTestTaskUITests */ = {
			isa = PBXNativeTarget;
			buildConfigurationList = 04F5D26C2794A719009B1C92 /* Build configuration list for PBXNativeTarget "GoraTestTaskUITests" */;
			buildPhases = (
				04F5D2582794A719009B1C92 /* Sources */,
				04F5D2592794A719009B1C92 /* Frameworks */,
				04F5D25A2794A719009B1C92 /* Resources */,
			);
			buildRules = (
			);
			dependencies = (
				04F5D25E2794A719009B1C92 /* PBXTargetDependency */,
			);
			name = GoraTestTaskUITests;
			productName = GoraTestTaskUITests;
			productReference = 04F5D25C2794A719009B1C92 /* GoraTestTaskUITests.xctest */;
			productType = "com.apple.product-type.bundle.ui-testing";
		};
/* End PBXNativeTarget section */

/* Begin PBXProject section */
		04F5D2342794A717009B1C92 /* Project object */ = {
			isa = PBXProject;
			attributes = {
				BuildIndependentTargetsInParallel = 1;
				LastSwiftUpdateCheck = 1310;
				LastUpgradeCheck = 1310;
				TargetAttributes = {
					04F5D23B2794A717009B1C92 = {
						CreatedOnToolsVersion = 13.1;
					};
					04F5D2512794A719009B1C92 = {
						CreatedOnToolsVersion = 13.1;
						TestTargetID = 04F5D23B2794A717009B1C92;
					};
					04F5D25B2794A719009B1C92 = {
						CreatedOnToolsVersion = 13.1;
						TestTargetID = 04F5D23B2794A717009B1C92;
					};
				};
			};
			buildConfigurationList = 04F5D2372794A717009B1C92 /* Build configuration list for PBXProject "GoraTestTask" */;
			compatibilityVersion = "Xcode 13.0";
			developmentRegion = en;
			hasScannedForEncodings = 0;
			knownRegions = (
				en,
				Base,
			);
			mainGroup = 04F5D2332794A717009B1C92;
			productRefGroup = 04F5D23D2794A717009B1C92 /* Products */;
			projectDirPath = "";
			projectRoot = "";
			targets = (
				04F5D23B2794A717009B1C92 /* GoraTestTask */,
				04F5D2512794A719009B1C92 /* GoraTestTaskTests */,
				04F5D25B2794A719009B1C92 /* GoraTestTaskUITests */,
			);
		};
/* End PBXProject section */

/* Begin PBXResourcesBuildPhase section */
		04F5D23A2794A717009B1C92 /* Resources */ = {
			isa = PBXResourcesBuildPhase;
			buildActionMask = 2147483647;
			files = (
				04F5D24C2794A719009B1C92 /* LaunchScreen.storyboard in Resources */,
				0402FBA62794A9690061605B /* UsersListViewController.xib in Resources */,
				04F5D2492794A719009B1C92 /* Assets.xcassets in Resources */,
				04F5D2472794A717009B1C92 /* Main.storyboard in Resources */,
				0402FBBF2794C3370061605B /* UserTableViewCell.xib in Resources */,
			);
			runOnlyForDeploymentPostprocessing = 0;
		};
		04F5D2502794A719009B1C92 /* Resources */ = {
			isa = PBXResourcesBuildPhase;
			buildActionMask = 2147483647;
			files = (
			);
			runOnlyForDeploymentPostprocessing = 0;
		};
		04F5D25A2794A719009B1C92 /* Resources */ = {
			isa = PBXResourcesBuildPhase;
			buildActionMask = 2147483647;
			files = (
			);
			runOnlyForDeploymentPostprocessing = 0;
		};
/* End PBXResourcesBuildPhase section */

/* Begin PBXSourcesBuildPhase section */
		04F5D2382794A717009B1C92 /* Sources */ = {
			isa = PBXSourcesBuildPhase;
			buildActionMask = 2147483647;
			files = (
				0402FBBB2794C20C0061605B /* ULTableViewAdapter.swift in Sources */,
				0402FBB32794B6EC0061605B /* NetworkService.swift in Sources */,
				0402FBAE2794B12D0061605B /* Photo.swift in Sources */,
				0402FBA22794A9170061605B /* ModuleConfigurator.swift in Sources */,
				0402FBBE2794C3370061605B /* UserTableViewCell.swift in Sources */,
				04F5D2402794A717009B1C92 /* AppDelegate.swift in Sources */,
				0402FBAA2794B0B40061605B /* User.swift in Sources */,
				0402FBC12794CFDC0061605B /* UIAlertController+Error.swift in Sources */,
				0402FBA52794A9690061605B /* UsersListViewController.swift in Sources */,
				0402FBA02794A90A0061605B /* Router.swift in Sources */,
				0402FBAC2794B1040061605B /* Album.swift in Sources */,
				04F5D2422794A717009B1C92 /* SceneDelegate.swift in Sources */,
				0402FBB72794BA770061605B /* ULViewProtocol.swift in Sources */,
				0402FBB12794B1B90061605B /* Constants.swift in Sources */,
				0402FBB52794BA5F0061605B /* UsersListPresenter.swift in Sources */,
				0402FBB92794BAC40061605B /* ULViewPresenterProtocol.swift in Sources */,
			);
			runOnlyForDeploymentPostprocessing = 0;
		};
		04F5D24E2794A719009B1C92 /* Sources */ = {
			isa = PBXSourcesBuildPhase;
			buildActionMask = 2147483647;
			files = (
				04F5D2572794A719009B1C92 /* GoraTestTaskTests.swift in Sources */,
			);
			runOnlyForDeploymentPostprocessing = 0;
		};
		04F5D2582794A719009B1C92 /* Sources */ = {
			isa = PBXSourcesBuildPhase;
			buildActionMask = 2147483647;
			files = (
				04F5D2632794A719009B1C92 /* GoraTestTaskUITestsLaunchTests.swift in Sources */,
				04F5D2612794A719009B1C92 /* GoraTestTaskUITests.swift in Sources */,
			);
			runOnlyForDeploymentPostprocessing = 0;
		};
/* End PBXSourcesBuildPhase section */

/* Begin PBXTargetDependency section */
		04F5D2542794A719009B1C92 /* PBXTargetDependency */ = {
			isa = PBXTargetDependency;
			target = 04F5D23B2794A717009B1C92 /* GoraTestTask */;
			targetProxy = 04F5D2532794A719009B1C92 /* PBXContainerItemProxy */;
		};
		04F5D25E2794A719009B1C92 /* PBXTargetDependency */ = {
			isa = PBXTargetDependency;
			target = 04F5D23B2794A717009B1C92 /* GoraTestTask */;
			targetProxy = 04F5D25D2794A719009B1C92 /* PBXContainerItemProxy */;
		};
/* End PBXTargetDependency section */

/* Begin PBXVariantGroup section */
		04F5D2452794A717009B1C92 /* Main.storyboard */ = {
			isa = PBXVariantGroup;
			children = (
				04F5D2462794A717009B1C92 /* Base */,
			);
			name = Main.storyboard;
			sourceTree = "<group>";
		};
		04F5D24A2794A719009B1C92 /* LaunchScreen.storyboard */ = {
			isa = PBXVariantGroup;
			children = (
				04F5D24B2794A719009B1C92 /* Base */,
			);
			name = LaunchScreen.storyboard;
			sourceTree = "<group>";
		};
/* End PBXVariantGroup section */

/* Begin XCBuildConfiguration section */
		04F5D2642794A719009B1C92 /* Debug */ = {
			isa = XCBuildConfiguration;
			buildSettings = {
				ALWAYS_SEARCH_USER_PATHS = NO;
				CLANG_ANALYZER_NONNULL = YES;
				CLANG_ANALYZER_NUMBER_OBJECT_CONVERSION = YES_AGGRESSIVE;
				CLANG_CXX_LANGUAGE_STANDARD = "gnu++17";
				CLANG_CXX_LIBRARY = "libc++";
				CLANG_ENABLE_MODULES = YES;
				CLANG_ENABLE_OBJC_ARC = YES;
				CLANG_ENABLE_OBJC_WEAK = YES;
				CLANG_WARN_BLOCK_CAPTURE_AUTORELEASING = YES;
				CLANG_WARN_BOOL_CONVERSION = YES;
				CLANG_WARN_COMMA = YES;
				CLANG_WARN_CONSTANT_CONVERSION = YES;
				CLANG_WARN_DEPRECATED_OBJC_IMPLEMENTATIONS = YES;
				CLANG_WARN_DIRECT_OBJC_ISA_USAGE = YES_ERROR;
				CLANG_WARN_DOCUMENTATION_COMMENTS = YES;
				CLANG_WARN_EMPTY_BODY = YES;
				CLANG_WARN_ENUM_CONVERSION = YES;
				CLANG_WARN_INFINITE_RECURSION = YES;
				CLANG_WARN_INT_CONVERSION = YES;
				CLANG_WARN_NON_LITERAL_NULL_CONVERSION = YES;
				CLANG_WARN_OBJC_IMPLICIT_RETAIN_SELF = YES;
				CLANG_WARN_OBJC_LITERAL_CONVERSION = YES;
				CLANG_WARN_OBJC_ROOT_CLASS = YES_ERROR;
				CLANG_WARN_QUOTED_INCLUDE_IN_FRAMEWORK_HEADER = YES;
				CLANG_WARN_RANGE_LOOP_ANALYSIS = YES;
				CLANG_WARN_STRICT_PROTOTYPES = YES;
				CLANG_WARN_SUSPICIOUS_MOVE = YES;
				CLANG_WARN_UNGUARDED_AVAILABILITY = YES_AGGRESSIVE;
				CLANG_WARN_UNREACHABLE_CODE = YES;
				CLANG_WARN__DUPLICATE_METHOD_MATCH = YES;
				COPY_PHASE_STRIP = NO;
				DEBUG_INFORMATION_FORMAT = dwarf;
				ENABLE_STRICT_OBJC_MSGSEND = YES;
				ENABLE_TESTABILITY = YES;
				GCC_C_LANGUAGE_STANDARD = gnu11;
				GCC_DYNAMIC_NO_PIC = NO;
				GCC_NO_COMMON_BLOCKS = YES;
				GCC_OPTIMIZATION_LEVEL = 0;
				GCC_PREPROCESSOR_DEFINITIONS = (
					"DEBUG=1",
					"$(inherited)",
				);
				GCC_WARN_64_TO_32_BIT_CONVERSION = YES;
				GCC_WARN_ABOUT_RETURN_TYPE = YES_ERROR;
				GCC_WARN_UNDECLARED_SELECTOR = YES;
				GCC_WARN_UNINITIALIZED_AUTOS = YES_AGGRESSIVE;
				GCC_WARN_UNUSED_FUNCTION = YES;
				GCC_WARN_UNUSED_VARIABLE = YES;
				IPHONEOS_DEPLOYMENT_TARGET = 15.0;
				MTL_ENABLE_DEBUG_INFO = INCLUDE_SOURCE;
				MTL_FAST_MATH = YES;
				ONLY_ACTIVE_ARCH = YES;
				SDKROOT = iphoneos;
				SWIFT_ACTIVE_COMPILATION_CONDITIONS = DEBUG;
				SWIFT_OPTIMIZATION_LEVEL = "-Onone";
			};
			name = Debug;
		};
		04F5D2652794A719009B1C92 /* Release */ = {
			isa = XCBuildConfiguration;
			buildSettings = {
				ALWAYS_SEARCH_USER_PATHS = NO;
				CLANG_ANALYZER_NONNULL = YES;
				CLANG_ANALYZER_NUMBER_OBJECT_CONVERSION = YES_AGGRESSIVE;
				CLANG_CXX_LANGUAGE_STANDARD = "gnu++17";
				CLANG_CXX_LIBRARY = "libc++";
				CLANG_ENABLE_MODULES = YES;
				CLANG_ENABLE_OBJC_ARC = YES;
				CLANG_ENABLE_OBJC_WEAK = YES;
				CLANG_WARN_BLOCK_CAPTURE_AUTORELEASING = YES;
				CLANG_WARN_BOOL_CONVERSION = YES;
				CLANG_WARN_COMMA = YES;
				CLANG_WARN_CONSTANT_CONVERSION = YES;
				CLANG_WARN_DEPRECATED_OBJC_IMPLEMENTATIONS = YES;
				CLANG_WARN_DIRECT_OBJC_ISA_USAGE = YES_ERROR;
				CLANG_WARN_DOCUMENTATION_COMMENTS = YES;
				CLANG_WARN_EMPTY_BODY = YES;
				CLANG_WARN_ENUM_CONVERSION = YES;
				CLANG_WARN_INFINITE_RECURSION = YES;
				CLANG_WARN_INT_CONVERSION = YES;
				CLANG_WARN_NON_LITERAL_NULL_CONVERSION = YES;
				CLANG_WARN_OBJC_IMPLICIT_RETAIN_SELF = YES;
				CLANG_WARN_OBJC_LITERAL_CONVERSION = YES;
				CLANG_WARN_OBJC_ROOT_CLASS = YES_ERROR;
				CLANG_WARN_QUOTED_INCLUDE_IN_FRAMEWORK_HEADER = YES;
				CLANG_WARN_RANGE_LOOP_ANALYSIS = YES;
				CLANG_WARN_STRICT_PROTOTYPES = YES;
				CLANG_WARN_SUSPICIOUS_MOVE = YES;
				CLANG_WARN_UNGUARDED_AVAILABILITY = YES_AGGRESSIVE;
				CLANG_WARN_UNREACHABLE_CODE = YES;
				CLANG_WARN__DUPLICATE_METHOD_MATCH = YES;
				COPY_PHASE_STRIP = NO;
				DEBUG_INFORMATION_FORMAT = "dwarf-with-dsym";
				ENABLE_NS_ASSERTIONS = NO;
				ENABLE_STRICT_OBJC_MSGSEND = YES;
				GCC_C_LANGUAGE_STANDARD = gnu11;
				GCC_NO_COMMON_BLOCKS = YES;
				GCC_WARN_64_TO_32_BIT_CONVERSION = YES;
				GCC_WARN_ABOUT_RETURN_TYPE = YES_ERROR;
				GCC_WARN_UNDECLARED_SELECTOR = YES;
				GCC_WARN_UNINITIALIZED_AUTOS = YES_AGGRESSIVE;
				GCC_WARN_UNUSED_FUNCTION = YES;
				GCC_WARN_UNUSED_VARIABLE = YES;
				IPHONEOS_DEPLOYMENT_TARGET = 15.0;
				MTL_ENABLE_DEBUG_INFO = NO;
				MTL_FAST_MATH = YES;
				SDKROOT = iphoneos;
				SWIFT_COMPILATION_MODE = wholemodule;
				SWIFT_OPTIMIZATION_LEVEL = "-O";
				VALIDATE_PRODUCT = YES;
			};
			name = Release;
		};
		04F5D2672794A719009B1C92 /* Debug */ = {
			isa = XCBuildConfiguration;
			buildSettings = {
				ASSETCATALOG_COMPILER_APPICON_NAME = AppIcon;
				ASSETCATALOG_COMPILER_GLOBAL_ACCENT_COLOR_NAME = AccentColor;
				CODE_SIGN_STYLE = Automatic;
				CURRENT_PROJECT_VERSION = 1;
				DEVELOPMENT_TEAM = 9WG2395BL6;
				GENERATE_INFOPLIST_FILE = YES;
				INFOPLIST_FILE = GoraTestTask/Info.plist;
				INFOPLIST_KEY_UIApplicationSupportsIndirectInputEvents = YES;
				INFOPLIST_KEY_UILaunchStoryboardName = LaunchScreen;
				INFOPLIST_KEY_UIMainStoryboardFile = Main;
				INFOPLIST_KEY_UISupportedInterfaceOrientations_iPad = "UIInterfaceOrientationPortrait UIInterfaceOrientationPortraitUpsideDown UIInterfaceOrientationLandscapeLeft UIInterfaceOrientationLandscapeRight";
				INFOPLIST_KEY_UISupportedInterfaceOrientations_iPhone = "UIInterfaceOrientationPortrait UIInterfaceOrientationLandscapeLeft UIInterfaceOrientationLandscapeRight";
				LD_RUNPATH_SEARCH_PATHS = (
					"$(inherited)",
					"@executable_path/Frameworks",
				);
				MARKETING_VERSION = 1.0;
				PRODUCT_BUNDLE_IDENTIFIER = com.ansan.GoraTestTask;
				PRODUCT_NAME = "$(TARGET_NAME)";
				SWIFT_EMIT_LOC_STRINGS = YES;
				SWIFT_VERSION = 5.0;
				TARGETED_DEVICE_FAMILY = 1;
			};
			name = Debug;
		};
		04F5D2682794A719009B1C92 /* Release */ = {
			isa = XCBuildConfiguration;
			buildSettings = {
				ASSETCATALOG_COMPILER_APPICON_NAME = AppIcon;
				ASSETCATALOG_COMPILER_GLOBAL_ACCENT_COLOR_NAME = AccentColor;
				CODE_SIGN_STYLE = Automatic;
				CURRENT_PROJECT_VERSION = 1;
				DEVELOPMENT_TEAM = 9WG2395BL6;
				GENERATE_INFOPLIST_FILE = YES;
				INFOPLIST_FILE = GoraTestTask/Info.plist;
				INFOPLIST_KEY_UIApplicationSupportsIndirectInputEvents = YES;
				INFOPLIST_KEY_UILaunchStoryboardName = LaunchScreen;
				INFOPLIST_KEY_UIMainStoryboardFile = Main;
				INFOPLIST_KEY_UISupportedInterfaceOrientations_iPad = "UIInterfaceOrientationPortrait UIInterfaceOrientationPortraitUpsideDown UIInterfaceOrientationLandscapeLeft UIInterfaceOrientationLandscapeRight";
				INFOPLIST_KEY_UISupportedInterfaceOrientations_iPhone = "UIInterfaceOrientationPortrait UIInterfaceOrientationLandscapeLeft UIInterfaceOrientationLandscapeRight";
				LD_RUNPATH_SEARCH_PATHS = (
					"$(inherited)",
					"@executable_path/Frameworks",
				);
				MARKETING_VERSION = 1.0;
				PRODUCT_BUNDLE_IDENTIFIER = com.ansan.GoraTestTask;
				PRODUCT_NAME = "$(TARGET_NAME)";
				SWIFT_EMIT_LOC_STRINGS = YES;
				SWIFT_VERSION = 5.0;
				TARGETED_DEVICE_FAMILY = 1;
			};
			name = Release;
		};
		04F5D26A2794A719009B1C92 /* Debug */ = {
			isa = XCBuildConfiguration;
			buildSettings = {
				ALWAYS_EMBED_SWIFT_STANDARD_LIBRARIES = YES;
				BUNDLE_LOADER = "$(TEST_HOST)";
				CODE_SIGN_STYLE = Automatic;
				CURRENT_PROJECT_VERSION = 1;
				DEVELOPMENT_TEAM = 9WG2395BL6;
				GENERATE_INFOPLIST_FILE = YES;
				IPHONEOS_DEPLOYMENT_TARGET = 15.0;
				LD_RUNPATH_SEARCH_PATHS = (
					"$(inherited)",
					"@executable_path/Frameworks",
					"@loader_path/Frameworks",
				);
				MARKETING_VERSION = 1.0;
				PRODUCT_BUNDLE_IDENTIFIER = com.ansan.GoraTestTaskTests;
				PRODUCT_NAME = "$(TARGET_NAME)";
				SWIFT_EMIT_LOC_STRINGS = NO;
				SWIFT_VERSION = 5.0;
				TARGETED_DEVICE_FAMILY = "1,2";
				TEST_HOST = "$(BUILT_PRODUCTS_DIR)/GoraTestTask.app/GoraTestTask";
			};
			name = Debug;
		};
		04F5D26B2794A719009B1C92 /* Release */ = {
			isa = XCBuildConfiguration;
			buildSettings = {
				ALWAYS_EMBED_SWIFT_STANDARD_LIBRARIES = YES;
				BUNDLE_LOADER = "$(TEST_HOST)";
				CODE_SIGN_STYLE = Automatic;
				CURRENT_PROJECT_VERSION = 1;
				DEVELOPMENT_TEAM = 9WG2395BL6;
				GENERATE_INFOPLIST_FILE = YES;
				IPHONEOS_DEPLOYMENT_TARGET = 15.0;
				LD_RUNPATH_SEARCH_PATHS = (
					"$(inherited)",
					"@executable_path/Frameworks",
					"@loader_path/Frameworks",
				);
				MARKETING_VERSION = 1.0;
				PRODUCT_BUNDLE_IDENTIFIER = com.ansan.GoraTestTaskTests;
				PRODUCT_NAME = "$(TARGET_NAME)";
				SWIFT_EMIT_LOC_STRINGS = NO;
				SWIFT_VERSION = 5.0;
				TARGETED_DEVICE_FAMILY = "1,2";
				TEST_HOST = "$(BUILT_PRODUCTS_DIR)/GoraTestTask.app/GoraTestTask";
			};
			name = Release;
		};
		04F5D26D2794A719009B1C92 /* Debug */ = {
			isa = XCBuildConfiguration;
			buildSettings = {
				ALWAYS_EMBED_SWIFT_STANDARD_LIBRARIES = YES;
				CODE_SIGN_STYLE = Automatic;
				CURRENT_PROJECT_VERSION = 1;
				DEVELOPMENT_TEAM = 9WG2395BL6;
				GENERATE_INFOPLIST_FILE = YES;
				LD_RUNPATH_SEARCH_PATHS = (
					"$(inherited)",
					"@executable_path/Frameworks",
					"@loader_path/Frameworks",
				);
				MARKETING_VERSION = 1.0;
				PRODUCT_BUNDLE_IDENTIFIER = com.ansan.GoraTestTaskUITests;
				PRODUCT_NAME = "$(TARGET_NAME)";
				SWIFT_EMIT_LOC_STRINGS = NO;
				SWIFT_VERSION = 5.0;
				TARGETED_DEVICE_FAMILY = "1,2";
				TEST_TARGET_NAME = GoraTestTask;
			};
			name = Debug;
		};
		04F5D26E2794A719009B1C92 /* Release */ = {
			isa = XCBuildConfiguration;
			buildSettings = {
				ALWAYS_EMBED_SWIFT_STANDARD_LIBRARIES = YES;
				CODE_SIGN_STYLE = Automatic;
				CURRENT_PROJECT_VERSION = 1;
				DEVELOPMENT_TEAM = 9WG2395BL6;
				GENERATE_INFOPLIST_FILE = YES;
				LD_RUNPATH_SEARCH_PATHS = (
					"$(inherited)",
					"@executable_path/Frameworks",
					"@loader_path/Frameworks",
				);
				MARKETING_VERSION = 1.0;
				PRODUCT_BUNDLE_IDENTIFIER = com.ansan.GoraTestTaskUITests;
				PRODUCT_NAME = "$(TARGET_NAME)";
				SWIFT_EMIT_LOC_STRINGS = NO;
				SWIFT_VERSION = 5.0;
				TARGETED_DEVICE_FAMILY = "1,2";
				TEST_TARGET_NAME = GoraTestTask;
			};
			name = Release;
		};
/* End XCBuildConfiguration section */

/* Begin XCConfigurationList section */
		04F5D2372794A717009B1C92 /* Build configuration list for PBXProject "GoraTestTask" */ = {
			isa = XCConfigurationList;
			buildConfigurations = (
				04F5D2642794A719009B1C92 /* Debug */,
				04F5D2652794A719009B1C92 /* Release */,
			);
			defaultConfigurationIsVisible = 0;
			defaultConfigurationName = Release;
		};
		04F5D2662794A719009B1C92 /* Build configuration list for PBXNativeTarget "GoraTestTask" */ = {
			isa = XCConfigurationList;
			buildConfigurations = (
				04F5D2672794A719009B1C92 /* Debug */,
				04F5D2682794A719009B1C92 /* Release */,
			);
			defaultConfigurationIsVisible = 0;
			defaultConfigurationName = Release;
		};
		04F5D2692794A719009B1C92 /* Build configuration list for PBXNativeTarget "GoraTestTaskTests" */ = {
			isa = XCConfigurationList;
			buildConfigurations = (
				04F5D26A2794A719009B1C92 /* Debug */,
				04F5D26B2794A719009B1C92 /* Release */,
			);
			defaultConfigurationIsVisible = 0;
			defaultConfigurationName = Release;
		};
		04F5D26C2794A719009B1C92 /* Build configuration list for PBXNativeTarget "GoraTestTaskUITests" */ = {
			isa = XCConfigurationList;
			buildConfigurations = (
				04F5D26D2794A719009B1C92 /* Debug */,
				04F5D26E2794A719009B1C92 /* Release */,
			);
			defaultConfigurationIsVisible = 0;
			defaultConfigurationName = Release;
		};
/* End XCConfigurationList section */
	};
	rootObject = 04F5D2342794A717009B1C92 /* Project object */;
}
